{
  "name": "@invisiblewater/playerbankservice",
  "version": "1.0.0",
  "lockfileVersion": 3,
  "requires": true,
  "packages": {
    "": {
      "name": "@invisiblewater/playerbankservice",
      "version": "1.0.0",
      "license": "MIT",
      "dependencies": {
        "@quenty/datastore": "^13.37.2",
        "@quenty/loader": "^10.11.0",
        "@quenty/observablecollection": "^12.36.2",
        "@quenty/playerutils": "^8.31.2",
        "@quenty/servicebag": "^11.17.0"
      },
      "funding": {
        "type": "github",
        "url": "https://github.com/sponsors/InvisibleWater"
      }
    },
    "node_modules/@quenty/baseobject": {
      "version": "10.13.0",
      "resolved": "https://registry.npmjs.org/@quenty/baseobject/-/baseobject-10.13.0.tgz",
      "integrity": "sha512-JAbHD5bIhjwI1akXSHLUOsU+Vjp/x89y6wKj472EQgQCwOshEluogE5uqPnDcfqStrFZqrjkaHQZl88vHZikZw==",
      "hasInstallScript": true,
      "license": "MIT",
      "dependencies": {
        "@quenty/loader": "10.11.0",
        "@quenty/maid": "3.9.0"
      },
      "funding": {
        "type": "patreon",
        "url": "https://www.patreon.com/quenty"
      }
    },
    "node_modules/@quenty/binarysearch": {
      "version": "2.4.0",
      "resolved": "https://registry.npmjs.org/@quenty/binarysearch/-/binarysearch-2.4.0.tgz",
      "integrity": "sha512-87ZoHo1ObRu+C0ocIoaT0BZRoLWeuGciwusC9xwxjX2aZke+oc518x+JNwqnBZM1YdZ3urg1SukJCtZbbfMevg==",
      "hasInstallScript": true,
      "license": "MIT",
      "funding": {
        "type": "patreon",
        "url": "https://www.patreon.com/quenty"
      }
    },
    "node_modules/@quenty/bindtocloseservice": {
      "version": "8.30.2",
      "resolved": "https://registry.npmjs.org/@quenty/bindtocloseservice/-/bindtocloseservice-8.30.2.tgz",
      "integrity": "sha512-ONvmkp7PZ05RUqmubo9KL1KZkuduzZwzyaB6beNNndjOspNsZrF3/fcmvfwmErEwcVjZKYPRa6ECn/hrfwJ7+w==",
      "hasInstallScript": true,
      "license": "MIT",
      "dependencies": {
        "@quenty/loader": "10.11.0",
        "@quenty/maid": "3.9.0",
        "@quenty/promise": "10.18.0",
        "@quenty/servicebag": "11.17.0",
        "@quenty/symbol": "3.5.2"
      },
      "funding": {
        "type": "patreon",
        "url": "https://www.patreon.com/quenty"
      }
    },
    "node_modules/@quenty/brio": {
      "version": "14.29.2",
      "resolved": "https://registry.npmjs.org/@quenty/brio/-/brio-14.29.2.tgz",
      "integrity": "sha512-qAmYfr70wyyt3HLFPq862Bmqh8q73QK2T9bacmrzQ4Tp4hGOWNeOV95NNltotlLQcZp3dC5965aP6ZgJuNY0aA==",
      "hasInstallScript": true,
      "license": "MIT",
      "dependencies": {
        "@quenty/loader": "10.11.0",
        "@quenty/maid": "3.9.0",
        "@quenty/nevermore-test-runner": "1.4.0",
        "@quenty/rx": "13.28.2",
        "@quenty/signal": "7.13.0",
        "@quenty/steputils": "3.6.3",
        "@quenty/table": "3.9.2",
        "@quentystudios/jest-lua": "3.10.0-quenty.2"
      },
      "funding": {
        "type": "patreon",
        "url": "https://www.patreon.com/quenty"
      }
    },
    "node_modules/@quenty/cancellabledelay": {
      "version": "3.6.2",
      "resolved": "https://registry.npmjs.org/@quenty/cancellabledelay/-/cancellabledelay-3.6.2.tgz",
      "integrity": "sha512-rBPP8nghqqBsq3g4z5APz9IaEU3OoB6AnqIuKc8oUK27YFlMW+WGE1BG8cAhE8rAD55a36007SLhPfJUiO8v4w==",
      "hasInstallScript": true,
      "license": "MIT",
      "funding": {
        "type": "patreon",
        "url": "https://www.patreon.com/quenty"
      }
    },
    "node_modules/@quenty/canceltoken": {
      "version": "11.19.0",
      "resolved": "https://registry.npmjs.org/@quenty/canceltoken/-/canceltoken-11.19.0.tgz",
      "integrity": "sha512-DhBoEaeZ/20PLV7gNGwq/fnmjKdPYUcKLMWGtbifair1LxJED4OYbRJPNl9ftvYyqy46TMDGD4Klwbh9xb+maQ==",
      "hasInstallScript": true,
      "license": "MIT",
      "dependencies": {
        "@quenty/ducktype": "5.11.0",
        "@quenty/loader": "10.11.0",
        "@quenty/maid": "3.9.0",
        "@quenty/promise": "10.18.0",
        "@quenty/signal": "7.13.0"
      },
      "funding": {
        "type": "patreon",
        "url": "https://www.patreon.com/quenty"
      }
    },
    "node_modules/@quenty/characterutils": {
      "version": "12.31.2",
      "resolved": "https://registry.npmjs.org/@quenty/characterutils/-/characterutils-12.31.2.tgz",
      "integrity": "sha512-rw/E7rMBDwUGWHTYcBcVqFbV/LGqPr07XwOxU/578+/yu394qElQit8uyNJTmwRPGTZSfR9bWVNZdCnYIWRHeQ==",
      "hasInstallScript": true,
      "license": "MIT",
      "dependencies": {
        "@quenty/brio": "14.29.2",
        "@quenty/deferred": "2.3.2",
        "@quenty/instanceutils": "13.29.2",
        "@quenty/loader": "10.11.0",
        "@quenty/maid": "3.9.0",
        "@quenty/promise": "10.18.0",
        "@quenty/rx": "13.28.2"
      },
      "funding": {
        "type": "patreon",
        "url": "https://www.patreon.com/quenty"
      }
    },
    "node_modules/@quenty/datastore": {
      "version": "13.37.2",
      "resolved": "https://registry.npmjs.org/@quenty/datastore/-/datastore-13.37.2.tgz",
      "integrity": "sha512-aQHkbcy3Ru89t6ZHN1FoGI418QW0Gu6ig5Q7Gne+IVzX7MdB8Pgr/x5GwOVrcZFCxBwm9EGOAsIE5EMkJRei6A==",
      "hasInstallScript": true,
      "license": "MIT",
      "dependencies": {
        "@quenty/baseobject": "10.13.0",
        "@quenty/bindtocloseservice": "8.30.2",
        "@quenty/loader": "10.11.0",
        "@quenty/maid": "3.9.0",
        "@quenty/math": "2.7.5",
        "@quenty/messagingserviceutils": "7.20.2",
        "@quenty/nevermore-test-runner": "1.4.0",
        "@quenty/pagesutils": "5.19.0",
        "@quenty/promise": "10.18.0",
        "@quenty/promisemaid": "5.18.0",
        "@quenty/rx": "13.28.2",
        "@quenty/servicebag": "11.17.0",
        "@quenty/signal": "7.13.0",
        "@quenty/symbol": "3.5.2",
        "@quenty/table": "3.9.2",
        "@quenty/valueobject": "13.30.2",
        "@quentystudios/jest-lua": "3.10.0-quenty.2"
      },
      "funding": {
        "type": "patreon",
        "url": "https://www.patreon.com/quenty"
      }
    },
    "node_modules/@quenty/deferred": {
      "version": "2.3.2",
      "resolved": "https://registry.npmjs.org/@quenty/deferred/-/deferred-2.3.2.tgz",
      "integrity": "sha512-/8C9cJtnsRa+hvmW5Q94JdZtUz+OUg1+oGq2/3PHTWCoVtmwLTxR+5AHpYzQKaitEIxAIQaZqhuhp5mOTMteTw==",
      "hasInstallScript": true,
      "license": "MIT",
      "funding": {
        "type": "patreon",
        "url": "https://www.patreon.com/quenty"
      }
    },
    "node_modules/@quenty/ducktype": {
      "version": "5.11.0",
      "resolved": "https://registry.npmjs.org/@quenty/ducktype/-/ducktype-5.11.0.tgz",
      "integrity": "sha512-VcS+LlWibt273JEjUyLyLkPspo7I0YGatYXisaz/GNzBInSVDgXHkJIvNvkr7SzMqABarnRBE3M8lr0q9DXHBw==",
      "hasInstallScript": true,
      "license": "MIT",
      "dependencies": {
        "@quenty/loader": "10.11.0"
      },
      "funding": {
        "type": "patreon",
        "url": "https://www.patreon.com/quenty"
      }
    },
    "node_modules/@quenty/instanceutils": {
      "version": "13.29.2",
      "resolved": "https://registry.npmjs.org/@quenty/instanceutils/-/instanceutils-13.29.2.tgz",
      "integrity": "sha512-9fxX7C30AKiiXib7p32S+hDY9Z7Qlq/DzVDlvtwRSuwcfbU5XlsJQwRbB941YWcvBpVsq/7sr/wpz+mlgcdcDQ==",
      "hasInstallScript": true,
      "license": "MIT",
      "dependencies": {
        "@quenty/brio": "14.29.2",
        "@quenty/loader": "10.11.0",
        "@quenty/maid": "3.9.0",
        "@quenty/nevermore-test-runner": "1.4.0",
        "@quenty/rx": "13.28.2",
        "@quenty/symbol": "3.5.2",
        "@quentystudios/jest-lua": "3.10.0-quenty.2"
      },
      "funding": {
        "type": "patreon",
        "url": "https://www.patreon.com/quenty"
      }
    },
    "node_modules/@quenty/loader": {
      "version": "10.11.0",
      "resolved": "https://registry.npmjs.org/@quenty/loader/-/loader-10.11.0.tgz",
      "integrity": "sha512-dijfRLI2bouQjt9OG20aL7waEzJNzzFMXC3+NFm2meCQ7jvCTI5EgmW3eYZHmegFAzmrWtogbQPNR+pIb8T3Zg==",
      "hasInstallScript": true,
      "license": "MIT",
      "funding": {
        "type": "patreon",
        "url": "https://www.patreon.com/quenty"
      }
    },
    "node_modules/@quenty/maid": {
      "version": "3.9.0",
      "resolved": "https://registry.npmjs.org/@quenty/maid/-/maid-3.9.0.tgz",
      "integrity": "sha512-MKyAYZRdIjYUBchMQavT0AXV/nJMmuRn4jIy8gYNV0Ub40Naub7ECGLtIviLwyiwW0FGKS/Wl5tGjHfObvAwUw==",
      "hasInstallScript": true,
      "license": "MIT",
      "dependencies": {
        "@quenty/loader": "10.11.0",
        "@quenty/nevermore-test-runner": "1.4.0",
        "@quentystudios/jest-lua": "3.10.0-quenty.2"
      },
      "funding": {
        "type": "patreon",
        "url": "https://www.patreon.com/quenty"
      }
    },
    "node_modules/@quenty/math": {
      "version": "2.7.5",
      "resolved": "https://registry.npmjs.org/@quenty/math/-/math-2.7.5.tgz",
      "integrity": "sha512-tYOvmTwijqm1og6QdO+j9EDKSk0/0TCae83H1yUElYWuzV1PAG1Q18VT0Yk0q/05Uduulb2s3Dx6QmyI/qKSgA==",
      "hasInstallScript": true,
      "license": "MIT",
      "funding": {
        "type": "patreon",
        "url": "https://www.patreon.com/quenty"
      }
    },
    "node_modules/@quenty/messagingserviceutils": {
      "version": "7.20.2",
      "resolved": "https://registry.npmjs.org/@quenty/messagingserviceutils/-/messagingserviceutils-7.20.2.tgz",
      "integrity": "sha512-hBqn1S2Lcb8nzwJ1NA27CQIHLVQciA+C8TtGDFIR7hXGWr80pkkCM8ydrC2kWkQVZaIT1klV/BAJOWUjfY4NBw==",
      "hasInstallScript": true,
      "license": "MIT",
      "dependencies": {
        "@quenty/loader": "10.11.0",
        "@quenty/maid": "3.9.0",
        "@quenty/promise": "10.18.0",
        "@quenty/rx": "13.28.2",
        "@quenty/servicebag": "11.17.0",
        "@quenty/statestack": "14.31.2"
      },
      "funding": {
        "type": "patreon",
        "url": "https://www.patreon.com/quenty"
      }
    },
    "node_modules/@quenty/nevermore-test-runner": {
      "version": "1.4.0",
      "resolved": "https://registry.npmjs.org/@quenty/nevermore-test-runner/-/nevermore-test-runner-1.4.0.tgz",
      "integrity": "sha512-mlscddpT+16AY3sW8mJoHoD4nDR94viNQ1sWKC0//bZRaTOHColG2YqE+p6uykeOPXMuwG87c4g0BgjSNJybHQ==",
      "hasInstallScript": true,
      "license": "MIT",
      "dependencies": {
        "@quenty/loader": "10.11.0",
        "@quentystudios/jest-lua": "3.10.0-quenty.2"
      },
      "funding": {
        "type": "patreon",
        "url": "https://www.patreon.com/quenty"
      }
    },
    "node_modules/@quenty/observablecollection": {
      "version": "12.36.2",
      "resolved": "https://registry.npmjs.org/@quenty/observablecollection/-/observablecollection-12.36.2.tgz",
      "integrity": "sha512-HoThPkoNxod/p7Xivu2UTenXC4CC6NLGyCcv7dXSUWAnFLQnLfULXPEsetqC3of2/JVXtIKGpZFzLO/DLqFwIw==",
      "hasInstallScript": true,
      "license": "MIT",
      "dependencies": {
        "@quenty/baseobject": "10.13.0",
        "@quenty/binarysearch": "2.4.0",
        "@quenty/brio": "14.29.2",
        "@quenty/ducktype": "5.11.0",
        "@quenty/instanceutils": "13.29.2",
        "@quenty/loader": "10.11.0",
        "@quenty/maid": "3.9.0",
        "@quenty/nevermore-test-runner": "1.4.0",
        "@quenty/promise": "10.18.0",
        "@quenty/rx": "13.28.2",
        "@quenty/signal": "7.13.0",
        "@quenty/steputils": "3.6.3",
        "@quenty/symbol": "3.5.2",
        "@quenty/table": "3.9.2",
        "@quenty/valueobject": "13.30.2",
        "@quentystudios/jest-lua": "3.10.0-quenty.2"
      },
      "funding": {
        "type": "patreon",
        "url": "https://www.patreon.com/quenty"
      }
    },
    "node_modules/@quenty/pagesutils": {
      "version": "5.19.0",
      "resolved": "https://registry.npmjs.org/@quenty/pagesutils/-/pagesutils-5.19.0.tgz",
      "integrity": "sha512-/7iQWCF4op7/AtYzMootZrlikRafigeNOgAmvukUyMYaOMzn1rnYLsvEe2DgoKo9MbipH/dYZCQcURuQrO5QiA==",
      "hasInstallScript": true,
      "license": "MIT",
      "dependencies": {
        "@quenty/ducktype": "5.11.0",
        "@quenty/loader": "10.11.0",
        "@quenty/promise": "10.18.0"
      },
      "funding": {
        "type": "patreon",
        "url": "https://www.patreon.com/quenty"
      }
    },
    "node_modules/@quenty/playerutils": {
      "version": "8.31.2",
      "resolved": "https://registry.npmjs.org/@quenty/playerutils/-/playerutils-8.31.2.tgz",
      "integrity": "sha512-85lru3WDAychMh3LUD+JQ8kGGM4XG969Nw5wxmQUZAWcUHvok87jD5py9I7Ej5QIexQ3Wdn/nHjohVk7Wkue7w==",
      "hasInstallScript": true,
      "license": "MIT",
      "dependencies": {
        "@quenty/brio": "14.29.2",
        "@quenty/characterutils": "12.31.2",
        "@quenty/instanceutils": "13.29.2",
        "@quenty/loader": "10.11.0",
        "@quenty/maid": "3.9.0",
        "@quenty/promise": "10.18.0",
        "@quenty/rx": "13.28.2"
      },
      "funding": {
        "type": "patreon",
        "url": "https://www.patreon.com/quenty"
      }
    },
    "node_modules/@quenty/promise": {
      "version": "10.18.0",
      "resolved": "https://registry.npmjs.org/@quenty/promise/-/promise-10.18.0.tgz",
      "integrity": "sha512-0PBKzu3nYJ126H1foPVhbZkb7drK/JXVV0Uz3KAdkUAK4Ihtx0pK7GbQU6nFgYyBEZRE6cLooAUTXgbwt2ogIA==",
      "hasInstallScript": true,
      "license": "MIT",
      "dependencies": {
        "@quenty/deferred": "2.3.2",
        "@quenty/loader": "10.11.0",
        "@quenty/maid": "3.9.0",
        "@quenty/math": "2.7.5",
        "@quenty/signal": "7.13.0"
      },
      "funding": {
        "type": "patreon",
        "url": "https://www.patreon.com/quenty"
      }
    },
    "node_modules/@quenty/promisemaid": {
      "version": "5.18.0",
      "resolved": "https://registry.npmjs.org/@quenty/promisemaid/-/promisemaid-5.18.0.tgz",
      "integrity": "sha512-QBGzGJnqSi/hMFsbzWRbHpibFHHuIcicq7WOfyZKtIYJSpQGfmXGpllhB+z0f4SMVS/92bCgKLFNe1HIbHAd1w==",
      "hasInstallScript": true,
      "license": "MIT",
      "dependencies": {
        "@quenty/loader": "10.11.0",
        "@quenty/maid": "3.9.0",
        "@quenty/promise": "10.18.0"
      },
      "funding": {
        "type": "patreon",
        "url": "https://www.patreon.com/quenty"
      }
    },
    "node_modules/@quenty/rx": {
      "version": "13.28.2",
      "resolved": "https://registry.npmjs.org/@quenty/rx/-/rx-13.28.2.tgz",
      "integrity": "sha512-90L6ZGDLqfZFJK1AB+FLvYYZnqni+Lde1WO8r/KtTxH550stWWmn0oE+JYwqeb3oJnZfPSF7uaYbGtbvORJZpg==",
      "hasInstallScript": true,
      "license": "MIT",
      "dependencies": {
        "@quenty/cancellabledelay": "3.6.2",
        "@quenty/canceltoken": "11.19.0",
        "@quenty/ducktype": "5.11.0",
        "@quenty/loader": "10.11.0",
        "@quenty/maid": "3.9.0",
        "@quenty/nevermore-test-runner": "1.4.0",
        "@quenty/promise": "10.18.0",
        "@quenty/signal": "7.13.0",
        "@quenty/symbol": "3.5.2",
        "@quenty/table": "3.9.2",
        "@quenty/throttle": "10.12.2",
        "@quenty/typeutils": "1.3.0",
        "@quentystudios/jest-lua": "3.10.0-quenty.2"
      },
      "funding": {
        "type": "patreon",
        "url": "https://www.patreon.com/quenty"
      }
    },
    "node_modules/@quenty/rxsignal": {
      "version": "7.28.2",
      "resolved": "https://registry.npmjs.org/@quenty/rxsignal/-/rxsignal-7.28.2.tgz",
      "integrity": "sha512-2ZRYXcnpyoenY0fjCfYOfcl0SXzUzDwP4+SzjZcjhuOemT7g8CBFaeNzeDX8Q5+8DQ3/NCC8ijrB7Mq3QV3JKg==",
      "hasInstallScript": true,
      "license": "MIT",
      "dependencies": {
        "@quenty/loader": "10.11.0",
        "@quenty/rx": "13.28.2"
      },
      "funding": {
        "type": "patreon",
        "url": "https://www.patreon.com/quenty"
      }
    },
    "node_modules/@quenty/servicebag": {
      "version": "11.17.0",
      "resolved": "https://registry.npmjs.org/@quenty/servicebag/-/servicebag-11.17.0.tgz",
      "integrity": "sha512-TX6kaBJnHu2ZPiOLlV69wGPBLw/AIfLFt7YP6/sZarvJD4MrjGxbSQDL5S1Nm01TF5WMRQNFgXBOMHJMozDNlg==",
      "hasInstallScript": true,
      "license": "MIT",
      "dependencies": {
        "@quenty/baseobject": "10.13.0",
        "@quenty/loader": "10.11.0",
        "@quenty/signal": "7.13.0"
      },
      "funding": {
        "type": "patreon",
        "url": "https://www.patreon.com/quenty"
      }
    },
    "node_modules/@quenty/signal": {
      "version": "7.13.0",
      "resolved": "https://registry.npmjs.org/@quenty/signal/-/signal-7.13.0.tgz",
      "integrity": "sha512-anMuGTS+8ap9lkwJsa4eUK5jJZ19lZ3Qnv1oF2/jbmKjEKFfyo4mSTrWsFE/J0Z9Oe8kO97ccNypPJN4YCK3fw==",
      "hasInstallScript": true,
      "license": "MIT",
      "dependencies": {
        "@quenty/loader": "10.11.0"
      },
      "funding": {
        "type": "patreon",
        "url": "https://www.patreon.com/quenty"
      }
    },
    "node_modules/@quenty/statestack": {
      "version": "14.31.2",
      "resolved": "https://registry.npmjs.org/@quenty/statestack/-/statestack-14.31.2.tgz",
      "integrity": "sha512-VjIWtGVLydllA5INkjW1Ytv62IdeMyH6BxOJc+ACTOKHc414HjI8nP6yiBh50Fgm/5pGJpG/NYOyMjSR7NWn/Q==",
      "hasInstallScript": true,
      "license": "MIT",
      "dependencies": {
        "@quenty/baseobject": "10.13.0",
        "@quenty/brio": "14.29.2",
        "@quenty/loader": "10.11.0",
        "@quenty/maid": "3.9.0",
        "@quenty/rx": "13.28.2",
        "@quenty/signal": "7.13.0",
        "@quenty/valueobject": "13.30.2"
      },
      "funding": {
        "type": "patreon",
        "url": "https://www.patreon.com/quenty"
      }
    },
    "node_modules/@quenty/steputils": {
      "version": "3.6.3",
      "resolved": "https://registry.npmjs.org/@quenty/steputils/-/steputils-3.6.3.tgz",
      "integrity": "sha512-iswkWhiwPn+TM5ktwAs6y3mC7+Tymq/xhXpxQIW8Q2IHgbIArT2kjbbGehRaomtkvKHuqtb3bW/ORnPyK8IKBQ==",
      "hasInstallScript": true,
      "license": "MIT",
      "funding": {
        "type": "patreon",
        "url": "https://www.patreon.com/quenty"
      }
    },
    "node_modules/@quenty/symbol": {
      "version": "3.5.2",
      "resolved": "https://registry.npmjs.org/@quenty/symbol/-/symbol-3.5.2.tgz",
      "integrity": "sha512-Opt3Pvdie3LDScZms7eTe+5rFUIRP4S1I7RFtiuyCF4XoDwJ2kjWO9bUNMX+zjumhaJ/96ZI5Y4D8mowyObs5Q==",
      "hasInstallScript": true,
      "license": "MIT",
      "funding": {
        "type": "patreon",
        "url": "https://www.patreon.com/quenty"
      }
    },
    "node_modules/@quenty/table": {
      "version": "3.9.2",
      "resolved": "https://registry.npmjs.org/@quenty/table/-/table-3.9.2.tgz",
      "integrity": "sha512-uU0XEiWk2CHtdhcBnM2F7sU7jljD/D0crntozfPLfyl4BOHT3oWNr0HF7IfrKVxVo3WnDj3KBXV6iMmYY6q9vQ==",
      "hasInstallScript": true,
      "license": "MIT",
      "funding": {
        "type": "patreon",
        "url": "https://www.patreon.com/quenty"
      }
    },
    "node_modules/@quenty/throttle": {
      "version": "10.12.2",
      "resolved": "https://registry.npmjs.org/@quenty/throttle/-/throttle-10.12.2.tgz",
      "integrity": "sha512-GC8pFbSZOmuAyOHU3q02JyKs25Vl/M4rsK+SZeFklqwPlb0I7LbLslSfsV0801OS4SmPnKn6+3i0CnkwNTP9QA==",
      "hasInstallScript": true,
      "license": "MIT",
      "dependencies": {
        "@quenty/loader": "10.11.0",
        "@quenty/nevermore-test-runner": "1.4.0",
        "@quenty/typeutils": "1.3.0",
        "@quentystudios/jest-lua": "3.10.0-quenty.2"
      },
      "funding": {
        "type": "patreon",
        "url": "https://www.patreon.com/quenty"
      }
    },
    "node_modules/@quenty/typeutils": {
      "version": "1.3.0",
      "resolved": "https://registry.npmjs.org/@quenty/typeutils/-/typeutils-1.3.0.tgz",
      "integrity": "sha512-QHhZypCGIhHFHItRMA7XiRNdcWbq2KnuJNkSKSd4sVltaPA5O/8UMyzhtSyCeCqZom86BkEp6VNSOxFXN8ltSw==",
      "hasInstallScript": true,
      "license": "MIT",
      "dependencies": {
        "@quenty/loader": "10.11.0"
      },
      "funding": {
        "type": "patreon",
        "url": "https://www.patreon.com/quenty"
      }
    },
    "node_modules/@quenty/valuebaseutils": {
      "version": "13.29.2",
      "resolved": "https://registry.npmjs.org/@quenty/valuebaseutils/-/valuebaseutils-13.29.2.tgz",
      "integrity": "sha512-anGSqbCG5Sj94D6R7nlUF4sS7fi1csj6BIG+fB7Rt9ActS0z9ErynpsNi7wUWEYzQs0MpmxgtcxDjMSJ8T42lw==",
      "hasInstallScript": true,
      "license": "MIT",
      "dependencies": {
        "@quenty/brio": "14.29.2",
        "@quenty/instanceutils": "13.29.2",
        "@quenty/loader": "10.11.0",
        "@quenty/promise": "10.18.0",
        "@quenty/rx": "13.28.2",
        "@quenty/rxsignal": "7.28.2"
      },
      "funding": {
        "type": "patreon",
        "url": "https://www.patreon.com/quenty"
      }
    },
    "node_modules/@quenty/valueobject": {
      "version": "13.30.2",
      "resolved": "https://registry.npmjs.org/@quenty/valueobject/-/valueobject-13.30.2.tgz",
      "integrity": "sha512-6hcFSO3fDFvD4q8nu6aWTRrIxUvSuxMpoq35VO0O9pwVb/30NIoXPRrMhjDSdXwXaJqZ2CxuooiSrA8bDye8Vw==",
      "hasInstallScript": true,
      "license": "MIT",
      "dependencies": {
        "@quenty/brio": "14.29.2",
        "@quenty/ducktype": "5.11.0",
        "@quenty/loader": "10.11.0",
        "@quenty/maid": "3.9.0",
        "@quenty/rx": "13.28.2",
        "@quenty/signal": "7.13.0",
        "@quenty/valuebaseutils": "13.29.2"
      },
      "funding": {
        "type": "patreon",
        "url": "https://www.patreon.com/quenty"
      }
    },
    "node_modules/@quentystudios/jest-lua": {
      "version": "3.10.0-quenty.2",
      "resolved": "https://registry.npmjs.org/@quentystudios/jest-lua/-/jest-lua-3.10.0-quenty.2.tgz",
      "integrity": "sha512-TE7vhnYjygcBjjqeKLsmbwxhJeiDeekh/E2xcvQ0VZAwHNr+Yn1pk1n/PRJu+KtH2fWYkw20pQO4o/hKPs0lRA==",
      "license": "ISC"
    }
  }
}
